
Microsoft Visual Studio Solution File, Format Version 12.00
# Visual Studio Version 16
VisualStudioVersion = 16.0.808.6
MinimumVisualStudioVersion = 10.0.40219.1
Project("{FAE04EC0-301F-11D3-BF4B-00C04F79EFBC}") = "RoastingBoulevard.Android", "RoastingBoulevard.Android\RoastingBoulevard.Android.csproj", "{818176CF-1CCD-447A-BC6A-B82D854F0685}"
EndProject
Project("{FAE04EC0-301F-11D3-BF4B-00C04F79EFBC}") = "RoastingBoulevard.iOS", "RoastingBoulevard.iOS\RoastingBoulevard.iOS.csproj", "{018F35C7-257A-45A6-9DEF-F1F27026E0C5}"
EndProject
Project("{9A19103F-16F7-4668-BE54-9A1E7A4F7556}") = "RoastingBoulevard", "RoastingBoulevard\RoastingBoulevard.csproj", "{2D4840A7-BC39-47AA-9599-D6887D9E6E79}"
EndProject
Global
	GlobalSection(SolutionConfigurationPlatforms) = preSolution
		Debug|Any CPU = Debug|Any CPU
		Debug|iPhone = Debug|iPhone
		Debug|iPhoneSimulator = Debug|iPhoneSimulator
		Release|Any CPU = Release|Any CPU
		Release|iPhone = Release|iPhone
		Release|iPhoneSimulator = Release|iPhoneSimulator
	EndGlobalSection
	GlobalSection(ProjectConfigurationPlatforms) = postSolution
		{818176CF-1CCD-447A-BC6A-B82D854F0685}.Debug|Any CPU.ActiveCfg = Debug|Any CPU
		{818176CF-1CCD-447A-BC6A-B82D854F0685}.Debug|Any CPU.Build.0 = Debug|Any CPU
		{818176CF-1CCD-447A-BC6A-B82D854F0685}.Debug|Any CPU.Deploy.0 = Debug|Any CPU
		{818176CF-1CCD-447A-BC6A-B82D854F0685}.Debug|iPhone.ActiveCfg = Debug|Any CPU
		{818176CF-1CCD-447A-BC6A-B82D854F0685}.Debug|iPhone.Build.0 = Debug|Any CPU
		{818176CF-1CCD-447A-BC6A-B82D854F0685}.Debug|iPhoneSimulator.ActiveCfg = Debug|Any CPU
		{818176CF-1CCD-447A-BC6A-B82D854F0685}.Debug|iPhoneSimulator.Build.0 = Debug|Any CPU
		{818176CF-1CCD-447A-BC6A-B82D854F0685}.Release|Any CPU.ActiveCfg = Release|Any CPU
		{818176CF-1CCD-447A-BC6A-B82D854F0685}.Release|Any CPU.Build.0 = Release|Any CPU
		{818176CF-1CCD-447A-BC6A-B82D854F0685}.Release|iPhone.ActiveCfg = Release|Any CPU
		{818176CF-1CCD-447A-BC6A-B82D854F0685}.Release|iPhone.Build.0 = Release|Any CPU
		{818176CF-1CCD-447A-BC6A-B82D854F0685}.Release|iPhoneSimulator.ActiveCfg = Release|Any CPU
		{818176CF-1CCD-447A-BC6A-B82D854F0685}.Release|iPhoneSimulator.Build.0 = Release|Any CPU
		{018F35C7-257A-45A6-9DEF-F1F27026E0C5}.Debug|Any CPU.ActiveCfg = Debug|iPhoneSimulator
		{018F35C7-257A-45A6-9DEF-F1F27026E0C5}.Debug|Any CPU.Build.0 = Debug|iPhoneSimulator
		{018F35C7-257A-45A6-9DEF-F1F27026E0C5}.Debug|iPhone.ActiveCfg = Debug|iPhone
		{018F35C7-257A-45A6-9DEF-F1F27026E0C5}.Debug|iPhone.Build.0 = Debug|iPhone
		{018F35C7-257A-45A6-9DEF-F1F27026E0C5}.Debug|iPhoneSimulator.ActiveCfg = Debug|iPhoneSimulator
		{018F35C7-257A-45A6-9DEF-F1F27026E0C5}.Debug|iPhoneSimulator.Build.0 = Debug|iPhoneSimulator
		{018F35C7-257A-45A6-9DEF-F1F27026E0C5}.Release|Any CPU.ActiveCfg = Release|iPhoneSimulator
		{018F35C7-257A-45A6-9DEF-F1F27026E0C5}.Release|Any CPU.Build.0 = Release|iPhoneSimulator
		{018F35C7-257A-45A6-9DEF-F1F27026E0C5}.Release|iPhone.ActiveCfg = Release|iPhone
		{018F35C7-257A-45A6-9DEF-F1F27026E0C5}.Release|iPhone.Build.0 = Release|iPhone
		{018F35C7-257A-45A6-9DEF-F1F27026E0C5}.Release|iPhoneSimulator.ActiveCfg = Release|iPhoneSimulator
		{018F35C7-257A-45A6-9DEF-F1F27026E0C5}.Release|iPhoneSimulator.Build.0 = Release|iPhoneSimulator
		{2D4840A7-BC39-47AA-9599-D6887D9E6E79}.Debug|Any CPU.ActiveCfg = Debug|Any CPU
		{2D4840A7-BC39-47AA-9599-D6887D9E6E79}.Debug|Any CPU.Build.0 = Debug|Any CPU
		{2D4840A7-BC39-47AA-9599-D6887D9E6E79}.Debug|iPhone.ActiveCfg = Debug|Any CPU
		{2D4840A7-BC39-47AA-9599-D6887D9E6E79}.Debug|iPhone.Build.0 = Debug|Any CPU
		{2D4840A7-BC39-47AA-9599-D6887D9E6E79}.Debug|iPhoneSimulator.ActiveCfg = Debug|Any CPU
		{2D4840A7-BC39-47AA-9599-D6887D9E6E79}.Debug|iPhoneSimulator.Build.0 = Debug|Any CPU
		{2D4840A7-BC39-47AA-9599-D6887D9E6E79}.Release|Any CPU.ActiveCfg = Release|Any CPU
		{2D4840A7-BC39-47AA-9599-D6887D9E6E79}.Release|Any CPU.Build.0 = Release|Any CPU
		{2D4840A7-BC39-47AA-9599-D6887D9E6E79}.Release|iPhone.ActiveCfg = Release|Any CPU
		{2D4840A7-BC39-47AA-9599-D6887D9E6E79}.Release|iPhone.Build.0 = Release|Any CPU
		{2D4840A7-BC39-47AA-9599-D6887D9E6E79}.Release|iPhoneSimulator.ActiveCfg = Release|Any CPU
		{2D4840A7-BC39-47AA-9599-D6887D9E6E79}.Release|iPhoneSimulator.Build.0 = Release|Any CPU
	EndGlobalSection
	GlobalSection(SolutionProperties) = preSolution
		HideSolutionNode = FALSE
	EndGlobalSection
	GlobalSection(ExtensibilityGlobals) = postSolution
		SolutionGuid = {88ED1DFD-2C3E-4539-BB29-4D2895C6AA5A}
	EndGlobalSection
EndGlobal
